
Microsoft Visual Studio Solution File, Format Version 12.00
# Visual Studio Version 17
VisualStudioVersion = 17.1.32421.90
MinimumVisualStudioVersion = 10.0.40219.1
Project("{FAE04EC0-301F-11D3-BF4B-00C04F79EFBC}") = "StackAppllication", "StackAppllication\StackAppllication.csproj", "{16C20126-0474-4C9A-8275-88C990E1556A}"
EndProject
Global
	GlobalSection(SolutionConfigurationPlatforms) = preSolution
		Debug|Any CPU = Debug|Any CPU
		Release|Any CPU = Release|Any CPU
	EndGlobalSection
	GlobalSection(ProjectConfigurationPlatforms) = postSolution
		{16C20126-0474-4C9A-8275-88C990E1556A}.Debug|Any CPU.ActiveCfg = Debug|Any CPU
		{16C20126-0474-4C9A-8275-88C990E1556A}.Debug|Any CPU.Build.0 = Debug|Any CPU
		{16C20126-0474-4C9A-8275-88C990E1556A}.Release|Any CPU.ActiveCfg = Release|Any CPU
		{16C20126-0474-4C9A-8275-88C990E1556A}.Release|Any CPU.Build.0 = Release|Any CPU
	EndGlobalSection
	GlobalSection(SolutionProperties) = preSolution
		HideSolutionNode = FALSE
	EndGlobalSection
	GlobalSection(ExtensibilityGlobals) = postSolution
		SolutionGuid = {A0CFCD56-1341-46B7-A328-B6226D04283A}
	EndGlobalSection
EndGlobal
